version = 1
revision = 3
requires-python = ">=3.11"

[[package]]
name = "backend"
version = "0.1.0"
source = { virtual = "." }
dependencies = [
    { name = "pypdf" },
    { name = "python-multipart" },
]

[package.metadata]
requires-dist = [
    { name = "pypdf", specifier = ">=5.1.0" },
    { name = "python-multipart", specifier = ">=0.0.12" },
]

[[package]]
name = "pypdf"
version = "6.7.4"
source = { registry = "https://pypi.org/simple" }
sdist = { url = "https://files.pythonhosted.org/packages/09/dc/f52deef12797ad58b88e4663f097a343f53b9361338aef6573f135ac302f/pypdf-6.7.4.tar.gz", hash = "sha256:9edd1cd47938bb35ec87795f61225fd58a07cfaf0c5699018ae1a47d6f8ab0e3", size = 5304821, upload-time = "2026-02-27T10:44:39.395Z" }
wheels = [
    { url = "https://files.pythonhosted.org/packages/c1/be/cded021305f5c81b47265b8c5292b99388615a4391c21ff00fd538d34a56/pypdf-6.7.4-py3-none-any.whl", hash = "sha256:527d6da23274a6c70a9cb59d1986d93946ba8e36a6bc17f3f7cce86331492dda", size = 331496, upload-time = "2026-02-27T10:44:37.527Z" },
]

[[package]]
name = "python-multipart"
version = "0.0.22"
source = { registry = "https://pypi.org/simple" }
sdist = { url = "https://files.pythonhosted.org/packages/94/01/979e98d542a70714b0cb2b6728ed0b7c46792b695e3eaec3e20711271ca3/python_multipart-0.0.22.tar.gz", hash = "sha256:7340bef99a7e0032613f56dc36027b959fd3b30a787ed62d310e951f7c3a3a58", size = 37612, upload-time = "2026-01-25T10:15:56.219Z" }
wheels = [
    { url = "https://files.pythonhosted.org/packages/1b/d0/397f9626e711ff749a95d96b7af99b9c566a9bb5129b8e4c10fc4d100304/python_multipart-0.0.22-py3-none-any.whl", hash = "sha256:2b2cd894c83d21bf49d702499531c7bafd057d730c201782048f7945d82de155", size = 24579, upload-time = "2026-01-25T10:15:54.811Z" },
]
